
Microsoft Visual Studio Solution File, Format Version 12.00
# Visual Studio Version 17
VisualStudioVersion = 17.12.35707.178 d17.12
MinimumVisualStudioVersion = 10.0.40219.1
Project("{FAE04EC0-301F-11D3-BF4B-00C04F79EFBC}") = "10_Activity_1", "10_Activity_1\10_Activity_1.csproj", "{37FB0BF8-9E6C-4533-BDCA-625707C552EF}"
EndProject
Global
	GlobalSection(SolutionConfigurationPlatforms) = preSolution
		Debug|Any CPU = Debug|Any CPU
		Release|Any CPU = Release|Any CPU
	EndGlobalSection
	GlobalSection(ProjectConfigurationPlatforms) = postSolution
		{37FB0BF8-9E6C-4533-BDCA-625707C552EF}.Debug|Any CPU.ActiveCfg = Debug|Any CPU
		{37FB0BF8-9E6C-4533-BDCA-625707C552EF}.Debug|Any CPU.Build.0 = Debug|Any CPU
		{37FB0BF8-9E6C-4533-BDCA-625707C552EF}.Release|Any CPU.ActiveCfg = Release|Any CPU
		{37FB0BF8-9E6C-4533-BDCA-625707C552EF}.Release|Any CPU.Build.0 = Release|Any CPU
	EndGlobalSection
	GlobalSection(SolutionProperties) = preSolution
		HideSolutionNode = FALSE
	EndGlobalSection
EndGlobal
